// !$*UTF8*$!
{
	archiveVersion = 1;
	classes = {
	};
	objectVersion = 46;
	objects = {

/* Begin PBXBuildFile section */
		39246C59196FFEB000C36548 /* Storyboard.storyboard in Resources */ = {isa = PBXBuildFile; fileRef = 39246C58196FFEB000C36548 /* Storyboard.storyboard */; };
		39246C5B1970031900C36548 /* vcMain.swift in Sources */ = {isa = PBXBuildFile; fileRef = 39246C5A1970031900C36548 /* vcMain.swift */; };
		3987EDE6196E9C2C00F2DA19 /* AppDelegate.swift in Sources */ = {isa = PBXBuildFile; fileRef = 3987EDE5196E9C2C00F2DA19 /* AppDelegate.swift */; };
		3987EDE9196E9C2C00F2DA19 /* TryCoreData.xcdatamodeld in Sources */ = {isa = PBXBuildFile; fileRef = 3987EDE7196E9C2C00F2DA19 /* TryCoreData.xcdatamodeld */; };
		3987EDEB196E9C2C00F2DA19 /* Images.xcassets in Resources */ = {isa = PBXBuildFile; fileRef = 3987EDEA196E9C2C00F2DA19 /* Images.xcassets */; };
		3987EDF7196E9C2C00F2DA19 /* TryCoreDataTests.swift in Sources */ = {isa = PBXBuildFile; fileRef = 3987EDF6196E9C2C00F2DA19 /* TryCoreDataTests.swift */; };
/* End PBXBuildFile section */

/* Begin PBXContainerItemProxy section */
		3987EDF1196E9C2C00F2DA19 /* PBXContainerItemProxy */ = {
			isa = PBXContainerItemProxy;
			containerPortal = 3987EDD8196E9C2C00F2DA19 /* Project object */;
			proxyType = 1;
			remoteGlobalIDString = 3987EDDF196E9C2C00F2DA19;
			remoteInfo = TryCoreData;
		};
/* End PBXContainerItemProxy section */

/* Begin PBXFileReference section */
		39246C58196FFEB000C36548 /* Storyboard.storyboard */ = {isa = PBXFileReference; fileEncoding = 4; lastKnownFileType = file.storyboard; path = Storyboard.storyboard; sourceTree = "<group>"; };
		39246C5A1970031900C36548 /* vcMain.swift */ = {isa = PBXFileReference; fileEncoding = 4; lastKnownFileType = sourcecode.swift; path = vcMain.swift; sourceTree = "<group>"; };
		3987EDE0196E9C2C00F2DA19 /* TryCoreData.app */ = {isa = PBXFileReference; explicitFileType = wrapper.application; includeInIndex = 0; path = TryCoreData.app; sourceTree = BUILT_PRODUCTS_DIR; };
		3987EDE4196E9C2C00F2DA19 /* Info.plist */ = {isa = PBXFileReference; lastKnownFileType = text.plist.xml; path = Info.plist; sourceTree = "<group>"; };
		3987EDE5196E9C2C00F2DA19 /* AppDelegate.swift */ = {isa = PBXFileReference; lastKnownFileType = sourcecode.swift; path = AppDelegate.swift; sourceTree = "<group>"; };
		3987EDE8196E9C2C00F2DA19 /* TryCoreData.xcdatamodel */ = {isa = PBXFileReference; lastKnownFileType = wrapper.xcdatamodel; path = TryCoreData.xcdatamodel; sourceTree = "<group>"; };
		3987EDEA196E9C2C00F2DA19 /* Images.xcassets */ = {isa = PBXFileReference; lastKnownFileType = folder.assetcatalog; path = Images.xcassets; sourceTree = "<group>"; };
		3987EDF0196E9C2C00F2DA19 /* TryCoreDataTests.xctest */ = {isa = PBXFileReference; explicitFileType = wrapper.cfbundle; includeInIndex = 0; path = TryCoreDataTests.xctest; sourceTree = BUILT_PRODUCTS_DIR; };
		3987EDF5196E9C2C00F2DA19 /* Info.plist */ = {isa = PBXFileReference; lastKnownFileType = text.plist.xml; path = Info.plist; sourceTree = "<group>"; };
		3987EDF6196E9C2C00F2DA19 /* TryCoreDataTests.swift */ = {isa = PBXFileReference; lastKnownFileType = sourcecode.swift; path = TryCoreDataTests.swift; sourceTree = "<group>"; };
/* End PBXFileReference section */

/* Begin PBXFrameworksBuildPhase section */
		3987EDDD196E9C2C00F2DA19 /* Frameworks */ = {
			isa = PBXFrameworksBuildPhase;
			buildActionMask = 2147483647;
			files = (
			);
			runOnlyForDeploymentPostprocessing = 0;
		};
		3987EDED196E9C2C00F2DA19 /* Frameworks */ = {
			isa = PBXFrameworksBuildPhase;
			buildActionMask = 2147483647;
			files = (
			);
			runOnlyForDeploymentPostprocessing = 0;
		};
/* End PBXFrameworksBuildPhase section */

/* Begin PBXGroup section */
		3987EDD7196E9C2C00F2DA19 = {
			isa = PBXGroup;
			children = (
				3987EDE2196E9C2C00F2DA19 /* TryCoreData */,
				3987EDF3196E9C2C00F2DA19 /* TryCoreDataTests */,
				3987EDE1196E9C2C00F2DA19 /* Products */,
			);
			sourceTree = "<group>";
		};
		3987EDE1196E9C2C00F2DA19 /* Products */ = {
			isa = PBXGroup;
			children = (
				3987EDE0196E9C2C00F2DA19 /* TryCoreData.app */,
				3987EDF0196E9C2C00F2DA19 /* TryCoreDataTests.xctest */,
			);
			name = Products;
			sourceTree = "<group>";
		};
		3987EDE2196E9C2C00F2DA19 /* TryCoreData */ = {
			isa = PBXGroup;
			children = (
				3987EDE5196E9C2C00F2DA19 /* AppDelegate.swift */,
				39246C58196FFEB000C36548 /* Storyboard.storyboard */,
				3987EDEA196E9C2C00F2DA19 /* Images.xcassets */,
				3987EDE7196E9C2C00F2DA19 /* TryCoreData.xcdatamodeld */,
				3987EDE3196E9C2C00F2DA19 /* Supporting Files */,
				39246C5A1970031900C36548 /* vcMain.swift */,
			);
			path = TryCoreData;
			sourceTree = "<group>";
		};
		3987EDE3196E9C2C00F2DA19 /* Supporting Files */ = {
			isa = PBXGroup;
			children = (
				3987EDE4196E9C2C00F2DA19 /* Info.plist */,
			);
			name = "Supporting Files";
			sourceTree = "<group>";
		};
		3987EDF3196E9C2C00F2DA19 /* TryCoreDataTests */ = {
			isa = PBXGroup;
			children = (
				3987EDF6196E9C2C00F2DA19 /* TryCoreDataTests.swift */,
				3987EDF4196E9C2C00F2DA19 /* Supporting Files */,
			);
			path = TryCoreDataTests;
			sourceTree = "<group>";
		};
		3987EDF4196E9C2C00F2DA19 /* Supporting Files */ = {
			isa = PBXGroup;
			children = (
				3987EDF5196E9C2C00F2DA19 /* Info.plist */,
			);
			name = "Supporting Files";
			sourceTree = "<group>";
		};
/* End PBXGroup section */

/* Begin PBXNativeTarget section */
		3987EDDF196E9C2C00F2DA19 /* TryCoreData */ = {
			isa = PBXNativeTarget;
			buildConfigurationList = 3987EDFA196E9C2C00F2DA19 /* Build configuration list for PBXNativeTarget "TryCoreData" */;
			buildPhases = (
				3987EDDC196E9C2C00F2DA19 /* Sources */,
				3987EDDD196E9C2C00F2DA19 /* Frameworks */,
				3987EDDE196E9C2C00F2DA19 /* Resources */,
			);
			buildRules = (
			);
			dependencies = (
			);
			name = TryCoreData;
			productName = TryCoreData;
			productReference = 3987EDE0196E9C2C00F2DA19 /* TryCoreData.app */;
			productType = "com.apple.product-type.application";
		};
		3987EDEF196E9C2C00F2DA19 /* TryCoreDataTests */ = {
			isa = PBXNativeTarget;
			buildConfigurationList = 3987EDFD196E9C2C00F2DA19 /* Build configuration list for PBXNativeTarget "TryCoreDataTests" */;
			buildPhases = (
				3987EDEC196E9C2C00F2DA19 /* Sources */,
				3987EDED196E9C2C00F2DA19 /* Frameworks */,
				3987EDEE196E9C2C00F2DA19 /* Resources */,
			);
			buildRules = (
			);
			dependencies = (
				3987EDF2196E9C2C00F2DA19 /* PBXTargetDependency */,
			);
			name = TryCoreDataTests;
			productName = TryCoreDataTests;
			productReference = 3987EDF0196E9C2C00F2DA19 /* TryCoreDataTests.xctest */;
			productType = "com.apple.product-type.bundle.unit-test";
		};
/* End PBXNativeTarget section */

/* Begin PBXProject section */
		3987EDD8196E9C2C00F2DA19 /* Project object */ = {
			isa = PBXProject;
			attributes = {
				LastUpgradeCheck = 0600;
				ORGANIZATIONNAME = "Yang Ltd";
				TargetAttributes = {
					3987EDDF196E9C2C00F2DA19 = {
						CreatedOnToolsVersion = 6.0;
					};
					3987EDEF196E9C2C00F2DA19 = {
						CreatedOnToolsVersion = 6.0;
						TestTargetID = 3987EDDF196E9C2C00F2DA19;
					};
				};
			};
			buildConfigurationList = 3987EDDB196E9C2C00F2DA19 /* Build configuration list for PBXProject "TryCoreData" */;
			compatibilityVersion = "Xcode 3.2";
			developmentRegion = English;
			hasScannedForEncodings = 0;
			knownRegions = (
				en,
			);
			mainGroup = 3987EDD7196E9C2C00F2DA19;
			productRefGroup = 3987EDE1196E9C2C00F2DA19 /* Products */;
			projectDirPath = "";
			projectRoot = "";
			targets = (
				3987EDDF196E9C2C00F2DA19 /* TryCoreData */,
				3987EDEF196E9C2C00F2DA19 /* TryCoreDataTests */,
			);
		};
/* End PBXProject section */

/* Begin PBXResourcesBuildPhase section */
		3987EDDE196E9C2C00F2DA19 /* Resources */ = {
			isa = PBXResourcesBuildPhase;
			buildActionMask = 2147483647;
			files = (
				3987EDEB196E9C2C00F2DA19 /* Images.xcassets in Resources */,
				39246C59196FFEB000C36548 /* Storyboard.storyboard in Resources */,
			);
			runOnlyForDeploymentPostprocessing = 0;
		};
		3987EDEE196E9C2C00F2DA19 /* Resources */ = {
			isa = PBXResourcesBuildPhase;
			buildActionMask = 2147483647;
			files = (
			);
			runOnlyForDeploymentPostprocessing = 0;
		};
/* End PBXResourcesBuildPhase section */

/* Begin PBXSourcesBuildPhase section */
		3987EDDC196E9C2C00F2DA19 /* Sources */ = {
			isa = PBXSourcesBuildPhase;
			buildActionMask = 2147483647;
			files = (
				3987EDE9196E9C2C00F2DA19 /* TryCoreData.xcdatamodeld in Sources */,
				39246C5B1970031900C36548 /* vcMain.swift in Sources */,
				3987EDE6196E9C2C00F2DA19 /* AppDelegate.swift in Sources */,
			);
			runOnlyForDeploymentPostprocessing = 0;
		};
		3987EDEC196E9C2C00F2DA19 /* Sources */ = {
			isa = PBXSourcesBuildPhase;
			buildActionMask = 2147483647;
			files = (
				3987EDF7196E9C2C00F2DA19 /* TryCoreDataTests.swift in Sources */,
			);
			runOnlyForDeploymentPostprocessing = 0;
		};
/* End PBXSourcesBuildPhase section */

/* Begin PBXTargetDependency section */
		3987EDF2196E9C2C00F2DA19 /* PBXTargetDependency */ = {
			isa = PBXTargetDependency;
			target = 3987EDDF196E9C2C00F2DA19 /* TryCoreData */;
			targetProxy = 3987EDF1196E9C2C00F2DA19 /* PBXContainerItemProxy */;
		};
/* End PBXTargetDependency section */

/* Begin XCBuildConfiguration section */
		3987EDF8196E9C2C00F2DA19 /* Debug */ = {
			isa = XCBuildConfiguration;
			buildSettings = {
				ALWAYS_SEARCH_USER_PATHS = NO;
				CLANG_CXX_LANGUAGE_STANDARD = "gnu++0x";
				CLANG_CXX_LIBRARY = "libc++";
				CLANG_ENABLE_MODULES = YES;
				CLANG_ENABLE_OBJC_ARC = YES;
				CLANG_WARN_BOOL_CONVERSION = YES;
				CLANG_WARN_CONSTANT_CONVERSION = YES;
				CLANG_WARN_DIRECT_OBJC_ISA_USAGE = YES_ERROR;
				CLANG_WARN_EMPTY_BODY = YES;
				CLANG_WARN_ENUM_CONVERSION = YES;
				CLANG_WARN_INT_CONVERSION = YES;
				CLANG_WARN_OBJC_ROOT_CLASS = YES_ERROR;
				CLANG_WARN_UNREACHABLE_CODE = YES;
				CLANG_WARN__DUPLICATE_METHOD_MATCH = YES;
				"CODE_SIGN_IDENTITY[sdk=iphoneos*]" = "iPhone Developer";
				COPY_PHASE_STRIP = NO;
				ENABLE_STRICT_OBJC_MSGSEND = YES;
				GCC_C_LANGUAGE_STANDARD = gnu99;
				GCC_DYNAMIC_NO_PIC = NO;
				GCC_OPTIMIZATION_LEVEL = 0;
				GCC_PREPROCESSOR_DEFINITIONS = (
					"DEBUG=1",
					"$(inherited)",
				);
				GCC_SYMBOLS_PRIVATE_EXTERN = NO;
				GCC_WARN_64_TO_32_BIT_CONVERSION = YES;
				GCC_WARN_ABOUT_RETURN_TYPE = YES_ERROR;
				GCC_WARN_UNDECLARED_SELECTOR = YES;
				GCC_WARN_UNINITIALIZED_AUTOS = YES_AGGRESSIVE;
				GCC_WARN_UNUSED_FUNCTION = YES;
				GCC_WARN_UNUSED_VARIABLE = YES;
				IPHONEOS_DEPLOYMENT_TARGET = 8.0;
				METAL_ENABLE_DEBUG_INFO = YES;
				ONLY_ACTIVE_ARCH = YES;
				SDKROOT = iphoneos;
				SWIFT_OPTIMIZATION_LEVEL = "-Onone";
			};
			name = Debug;
		};
		3987EDF9196E9C2C00F2DA19 /* Release */ = {
			isa = XCBuildConfiguration;
			buildSettings = {
				ALWAYS_SEARCH_USER_PATHS = NO;
				CLANG_CXX_LANGUAGE_STANDARD = "gnu++0x";
				CLANG_CXX_LIBRARY = "libc++";
				CLANG_ENABLE_MODULES = YES;
				CLANG_ENABLE_OBJC_ARC = YES;
				CLANG_WARN_BOOL_CONVERSION = YES;
				CLANG_WARN_CONSTANT_CONVERSION = YES;
				CLANG_WARN_DIRECT_OBJC_ISA_USAGE = YES_ERROR;
				CLANG_WARN_EMPTY_BODY = YES;
				CLANG_WARN_ENUM_CONVERSION = YES;
				CLANG_WARN_INT_CONVERSION = YES;
				CLANG_WARN_OBJC_ROOT_CLASS = YES_ERROR;
				CLANG_WARN_UNREACHABLE_CODE = YES;
				CLANG_WARN__DUPLICATE_METHOD_MATCH = YES;
				"CODE_SIGN_IDENTITY[sdk=iphoneos*]" = "iPhone Developer";
				COPY_PHASE_STRIP = YES;
				ENABLE_NS_ASSERTIONS = NO;
				ENABLE_STRICT_OBJC_MSGSEND = YES;
				GCC_C_LANGUAGE_STANDARD = gnu99;
				GCC_WARN_64_TO_32_BIT_CONVERSION = YES;
				GCC_WARN_ABOUT_RETURN_TYPE = YES_ERROR;
				GCC_WARN_UNDECLARED_SELECTOR = YES;
				GCC_WARN_UNINITIALIZED_AUTOS = YES_AGGRESSIVE;
				GCC_WARN_UNUSED_FUNCTION = YES;
				GCC_WARN_UNUSED_VARIABLE = YES;
				IPHONEOS_DEPLOYMENT_TARGET = 8.0;
				METAL_ENABLE_DEBUG_INFO = NO;
				SDKROOT = iphoneos;
				VALIDATE_PRODUCT = YES;
			};
			name = Release;
		};
		3987EDFB196E9C2C00F2DA19 /* Debug */ = {
			isa = XCBuildConfiguration;
			buildSettings = {
				ASSETCATALOG_COMPILER_APPICON_NAME = AppIcon;
				ASSETCATALOG_COMPILER_LAUNCHIMAGE_NAME = LaunchImage;
				INFOPLIST_FILE = TryCoreData/Info.plist;
				LD_RUNPATH_SEARCH_PATHS = "$(inherited) @executable_path/Frameworks";
				PRODUCT_NAME = "$(TARGET_NAME)";
			};
			name = Debug;
		};
		3987EDFC196E9C2C00F2DA19 /* Release */ = {
			isa = XCBuildConfiguration;
			buildSettings = {
				ASSETCATALOG_COMPILER_APPICON_NAME = AppIcon;
				ASSETCATALOG_COMPILER_LAUNCHIMAGE_NAME = LaunchImage;
				INFOPLIST_FILE = TryCoreData/Info.plist;
				LD_RUNPATH_SEARCH_PATHS = "$(inherited) @executable_path/Frameworks";
				PRODUCT_NAME = "$(TARGET_NAME)";
			};
			name = Release;
		};
		3987EDFE196E9C2C00F2DA19 /* Debug */ = {
			isa = XCBuildConfiguration;
			buildSettings = {
				BUNDLE_LOADER = "$(BUILT_PRODUCTS_DIR)/TryCoreData.app/TryCoreData";
				FRAMEWORK_SEARCH_PATHS = (
					"$(SDKROOT)/Developer/Library/Frameworks",
					"$(inherited)",
				);
				GCC_PREPROCESSOR_DEFINITIONS = (
					"DEBUG=1",
					"$(inherited)",
				);
				INFOPLIST_FILE = TryCoreDataTests/Info.plist;
				LD_RUNPATH_SEARCH_PATHS = "$(inherited) @executable_path/Frameworks @loader_path/Frameworks";
				METAL_ENABLE_DEBUG_INFO = YES;
				PRODUCT_NAME = "$(TARGET_NAME)";
				TEST_HOST = "$(BUNDLE_LOADER)";
			};
			name = Debug;
		};
		3987EDFF196E9C2C00F2DA19 /* Release */ = {
			isa = XCBuildConfiguration;
			buildSettings = {
				BUNDLE_LOADER = "$(BUILT_PRODUCTS_DIR)/TryCoreData.app/TryCoreData";
				FRAMEWORK_SEARCH_PATHS = (
					"$(SDKROOT)/Developer/Library/Frameworks",
					"$(inherited)",
				);
				INFOPLIST_FILE = TryCoreDataTests/Info.plist;
				LD_RUNPATH_SEARCH_PATHS = "$(inherited) @executable_path/Frameworks @loader_path/Frameworks";
				METAL_ENABLE_DEBUG_INFO = NO;
				PRODUCT_NAME = "$(TARGET_NAME)";
				TEST_HOST = "$(BUNDLE_LOADER)";
			};
			name = Release;
		};
/* End XCBuildConfiguration section */

/* Begin XCConfigurationList section */
		3987EDDB196E9C2C00F2DA19 /* Build configuration list for PBXProject "TryCoreData" */ = {
			isa = XCConfigurationList;
			buildConfigurations = (
				3987EDF8196E9C2C00F2DA19 /* Debug */,
				3987EDF9196E9C2C00F2DA19 /* Release */,
			);
			defaultConfigurationIsVisible = 0;
			defaultConfigurationName = Release;
		};
		3987EDFA196E9C2C00F2DA19 /* Build configuration list for PBXNativeTarget "TryCoreData" */ = {
			isa = XCConfigurationList;
			buildConfigurations = (
				3987EDFB196E9C2C00F2DA19 /* Debug */,
				3987EDFC196E9C2C00F2DA19 /* Release */,
			);
			defaultConfigurationIsVisible = 0;
			defaultConfigurationName = Release;
		};
		3987EDFD196E9C2C00F2DA19 /* Build configuration list for PBXNativeTarget "TryCoreDataTests" */ = {
			isa = XCConfigurationList;
			buildConfigurations = (
				3987EDFE196E9C2C00F2DA19 /* Debug */,
				3987EDFF196E9C2C00F2DA19 /* Release */,
			);
			defaultConfigurationIsVisible = 0;
			defaultConfigurationName = Release;
		};
/* End XCConfigurationList section */

/* Begin XCVersionGroup section */
		3987EDE7196E9C2C00F2DA19 /* TryCoreData.xcdatamodeld */ = {
			isa = XCVersionGroup;
			children = (
				3987EDE8196E9C2C00F2DA19 /* TryCoreData.xcdatamodel */,
			);
			currentVersion = 3987EDE8196E9C2C00F2DA19 /* TryCoreData.xcdatamodel */;
			path = TryCoreData.xcdatamodeld;
			sourceTree = "<group>";
			versionGroupType = wrapper.xcdatamodel;
		};
/* End XCVersionGroup section */
	};
	rootObject = 3987EDD8196E9C2C00F2DA19 /* Project object */;
}
